# THIS IS AN AUTOGENERATED FILE. DO NOT EDIT THIS FILE DIRECTLY.
# yarn lockfile v1


marked@^4.0.8:
  version "4.0.8"
  resolved "https://registry.npmmirror.com/marked/download/marked-4.0.8.tgz#ef127626ac65786460f9420d57cc8d5ffdcacbed"
  integrity sha512-dkpJMIlJpc833hbjjg8jraw1t51e/eKDoG8TFOgc5O0Z77zaYKigYekTDop5AplRoKFGIaoazhYEhGkMtU3IeA==
